
Microsoft Visual Studio Solution File, Format Version 12.00
# Visual Studio 15
VisualStudioVersion = 15.0.28307.168
MinimumVisualStudioVersion = 10.0.40219.1
Project("{2150E333-8FDC-42A3-9474-1A3956D46DE8}") = "Presentation", "Presentation", "{B62D9122-E27E-485D-9CAE-FE194114EE9F}"
EndProject
Project("{2150E333-8FDC-42A3-9474-1A3956D46DE8}") = "Common", "Common", "{32B0259D-A1AB-4D40-9B7A-EBBF30994CE9}"
EndProject
Project("{2150E333-8FDC-42A3-9474-1A3956D46DE8}") = "Core", "Core", "{6F4EE7B9-249E-44BC-8CC1-0B589FC0C3E4}"
EndProject
Project("{2150E333-8FDC-42A3-9474-1A3956D46DE8}") = "Infrastructure", "Infrastructure", "{4DC84180-C0FD-46AB-B25A-F614BBCBEC5C}"
EndProject
Project("{9A19103F-16F7-4668-BE54-9A1E7A4F7556}") = "ConnexAi.Application", "connexai.Application\ConnexAi.Application.csproj", "{5F420680-885B-435A-92CD-A64072E4BF48}"
	ProjectSection(ProjectDependencies) = postProject
		{0F8DEA38-830A-4203-AEFF-060C103B3FE3} = {0F8DEA38-830A-4203-AEFF-060C103B3FE3}
		{D481F0FD-3C82-4D30-B3E8-D63A393D19F7} = {D481F0FD-3C82-4D30-B3E8-D63A393D19F7}
	EndProjectSection
EndProject
Project("{9A19103F-16F7-4668-BE54-9A1E7A4F7556}") = "ConnexAi.Domain", "connexai.Domain\ConnexAi.Domain.csproj", "{0F8DEA38-830A-4203-AEFF-060C103B3FE3}"
EndProject
Project("{9A19103F-16F7-4668-BE54-9A1E7A4F7556}") = "ConnexAi.Infrastructure", "connexai.Infrastructure\ConnexAi.Infrastructure.csproj", "{F14B6712-6E08-4E6B-9DF1-617E17E6F42A}"
	ProjectSection(ProjectDependencies) = postProject
		{3807E166-CDEA-41C4-AA7A-F4F97C9958A7} = {3807E166-CDEA-41C4-AA7A-F4F97C9958A7}
		{5F420680-885B-435A-92CD-A64072E4BF48} = {5F420680-885B-435A-92CD-A64072E4BF48}
	EndProjectSection
EndProject
Project("{9A19103F-16F7-4668-BE54-9A1E7A4F7556}") = "ConnexAi.Persistence", "connexai.Persistence\ConnexAi.Persistence.csproj", "{D481F0FD-3C82-4D30-B3E8-D63A393D19F7}"
	ProjectSection(ProjectDependencies) = postProject
		{0F8DEA38-830A-4203-AEFF-060C103B3FE3} = {0F8DEA38-830A-4203-AEFF-060C103B3FE3}
	EndProjectSection
EndProject
Project("{9A19103F-16F7-4668-BE54-9A1E7A4F7556}") = "ConnexAi.Common", "connexai.Common\ConnexAi.Common.csproj", "{3807E166-CDEA-41C4-AA7A-F4F97C9958A7}"
EndProject
Project("{9A19103F-16F7-4668-BE54-9A1E7A4F7556}") = "ConnexAi.WebUI", "connexai.WebUI\ConnexAi.WebUI.csproj", "{D1BF7ECE-F2DB-482C-9B4E-3149A55D8BF2}"
	ProjectSection(ProjectDependencies) = postProject
		{F14B6712-6E08-4E6B-9DF1-617E17E6F42A} = {F14B6712-6E08-4E6B-9DF1-617E17E6F42A}
		{3807E166-CDEA-41C4-AA7A-F4F97C9958A7} = {3807E166-CDEA-41C4-AA7A-F4F97C9958A7}
		{5F420680-885B-435A-92CD-A64072E4BF48} = {5F420680-885B-435A-92CD-A64072E4BF48}
	EndProjectSection
EndProject
Global
	GlobalSection(SolutionConfigurationPlatforms) = preSolution
		Debug|Any CPU = Debug|Any CPU
		Release|Any CPU = Release|Any CPU
	EndGlobalSection
	GlobalSection(ProjectConfigurationPlatforms) = postSolution
		{5F420680-885B-435A-92CD-A64072E4BF48}.Debug|Any CPU.ActiveCfg = Debug|Any CPU
		{5F420680-885B-435A-92CD-A64072E4BF48}.Debug|Any CPU.Build.0 = Debug|Any CPU
		{5F420680-885B-435A-92CD-A64072E4BF48}.Release|Any CPU.ActiveCfg = Release|Any CPU
		{5F420680-885B-435A-92CD-A64072E4BF48}.Release|Any CPU.Build.0 = Release|Any CPU
		{0F8DEA38-830A-4203-AEFF-060C103B3FE3}.Debug|Any CPU.ActiveCfg = Debug|Any CPU
		{0F8DEA38-830A-4203-AEFF-060C103B3FE3}.Debug|Any CPU.Build.0 = Debug|Any CPU
		{0F8DEA38-830A-4203-AEFF-060C103B3FE3}.Release|Any CPU.ActiveCfg = Release|Any CPU
		{0F8DEA38-830A-4203-AEFF-060C103B3FE3}.Release|Any CPU.Build.0 = Release|Any CPU
		{F14B6712-6E08-4E6B-9DF1-617E17E6F42A}.Debug|Any CPU.ActiveCfg = Debug|Any CPU
		{F14B6712-6E08-4E6B-9DF1-617E17E6F42A}.Debug|Any CPU.Build.0 = Debug|Any CPU
		{F14B6712-6E08-4E6B-9DF1-617E17E6F42A}.Release|Any CPU.ActiveCfg = Release|Any CPU
		{F14B6712-6E08-4E6B-9DF1-617E17E6F42A}.Release|Any CPU.Build.0 = Release|Any CPU
		{D481F0FD-3C82-4D30-B3E8-D63A393D19F7}.Debug|Any CPU.ActiveCfg = Debug|Any CPU
		{D481F0FD-3C82-4D30-B3E8-D63A393D19F7}.Debug|Any CPU.Build.0 = Debug|Any CPU
		{D481F0FD-3C82-4D30-B3E8-D63A393D19F7}.Release|Any CPU.ActiveCfg = Release|Any CPU
		{D481F0FD-3C82-4D30-B3E8-D63A393D19F7}.Release|Any CPU.Build.0 = Release|Any CPU
		{3807E166-CDEA-41C4-AA7A-F4F97C9958A7}.Debug|Any CPU.ActiveCfg = Debug|Any CPU
		{3807E166-CDEA-41C4-AA7A-F4F97C9958A7}.Debug|Any CPU.Build.0 = Debug|Any CPU
		{3807E166-CDEA-41C4-AA7A-F4F97C9958A7}.Release|Any CPU.ActiveCfg = Release|Any CPU
		{3807E166-CDEA-41C4-AA7A-F4F97C9958A7}.Release|Any CPU.Build.0 = Release|Any CPU
		{D1BF7ECE-F2DB-482C-9B4E-3149A55D8BF2}.Debug|Any CPU.ActiveCfg = Debug|Any CPU
		{D1BF7ECE-F2DB-482C-9B4E-3149A55D8BF2}.Debug|Any CPU.Build.0 = Debug|Any CPU
		{D1BF7ECE-F2DB-482C-9B4E-3149A55D8BF2}.Release|Any CPU.ActiveCfg = Release|Any CPU
		{D1BF7ECE-F2DB-482C-9B4E-3149A55D8BF2}.Release|Any CPU.Build.0 = Release|Any CPU
	EndGlobalSection
	GlobalSection(SolutionProperties) = preSolution
		HideSolutionNode = FALSE
	EndGlobalSection
	GlobalSection(NestedProjects) = preSolution
		{5F420680-885B-435A-92CD-A64072E4BF48} = {6F4EE7B9-249E-44BC-8CC1-0B589FC0C3E4}
		{0F8DEA38-830A-4203-AEFF-060C103B3FE3} = {6F4EE7B9-249E-44BC-8CC1-0B589FC0C3E4}
		{F14B6712-6E08-4E6B-9DF1-617E17E6F42A} = {4DC84180-C0FD-46AB-B25A-F614BBCBEC5C}
		{D481F0FD-3C82-4D30-B3E8-D63A393D19F7} = {4DC84180-C0FD-46AB-B25A-F614BBCBEC5C}
		{3807E166-CDEA-41C4-AA7A-F4F97C9958A7} = {32B0259D-A1AB-4D40-9B7A-EBBF30994CE9}
		{D1BF7ECE-F2DB-482C-9B4E-3149A55D8BF2} = {B62D9122-E27E-485D-9CAE-FE194114EE9F}
	EndGlobalSection
	GlobalSection(ExtensibilityGlobals) = postSolution
		SolutionGuid = {ED83290F-05AB-4C2F-AC65-7CA33284A0B6}
	EndGlobalSection
EndGlobal
