
Microsoft Visual Studio Solution File, Format Version 12.00
# Visual Studio 15
VisualStudioVersion = 15.0.28307.168
MinimumVisualStudioVersion = 10.0.40219.1
Project("{9A19103F-16F7-4668-BE54-9A1E7A4F7556}") = "connexai", "connexai.csproj", "{D1F425B4-8A76-4AF3-BC3E-23D3F198CD23}"
EndProject
Global
	GlobalSection(SolutionConfigurationPlatforms) = preSolution
		Debug|Any CPU = Debug|Any CPU
		Release|Any CPU = Release|Any CPU
	EndGlobalSection
	GlobalSection(ProjectConfigurationPlatforms) = postSolution
		{D1F425B4-8A76-4AF3-BC3E-23D3F198CD23}.Debug|Any CPU.ActiveCfg = Debug|Any CPU
		{D1F425B4-8A76-4AF3-BC3E-23D3F198CD23}.Debug|Any CPU.Build.0 = Debug|Any CPU
		{D1F425B4-8A76-4AF3-BC3E-23D3F198CD23}.Release|Any CPU.ActiveCfg = Release|Any CPU
		{D1F425B4-8A76-4AF3-BC3E-23D3F198CD23}.Release|Any CPU.Build.0 = Release|Any CPU
	EndGlobalSection
	GlobalSection(SolutionProperties) = preSolution
		HideSolutionNode = FALSE
	EndGlobalSection
	GlobalSection(ExtensibilityGlobals) = postSolution
		SolutionGuid = {ED83290F-05AB-4C2F-AC65-7CA33284A0B6}
	EndGlobalSection
EndGlobal
